PODS:
  - AFDateHelper (4.1.2)
  - AGWindowView (0.1.9)
  - AppAuth (0.9.1)
  - CHCSVParser (2.1.0)
  - Expecta (1.0.6)
  - FMDB (2.7.2):
    - FMDB/standard (= 2.7.2)
  - FMDB/standard (2.7.2)
  - GoogleAPIClientForREST/Core (1.1.1):
    - GTMSessionFetcher (>= 1.1.7)
  - GoogleAPIClientForREST/Drive (1.1.1):
    - GoogleAPIClientForREST/Core
    - GTMSessionFetcher (>= 1.1.7)
  - GTMAppAuth (0.6.1):
    - AppAuth (~> 0.9.0)
    - GTMSessionFetcher (~> 1.1)
  - GTMOAuth2 (1.1.6):
    - GTMSessionFetcher (~> 1.1)
  - GTMSessionFetcher (1.1.13):
    - GTMSessionFetcher/Full (= 1.1.13)
  - GTMSessionFetcher/Core (1.1.13)
  - GTMSessionFetcher/Full (1.1.13):
    - GTMSessionFetcher/Core (= 1.1.13)
  - Nimble (5.1.1)
  - ObjectiveDropboxOfficial (3.4.0)
  - Quick (1.0.0)
  - Reachability (3.2)
  - SBJson (5.0.0)
  - Specta (1.0.7)
  - WTLibrary-iOS (0.4.0):
    - WTLibrary-iOS/WTObjC (= 0.4.0)
  - WTLibrary-iOS/AQGridViewHorizontal (0.4.0):
    - WTLibrary-iOS/WTObjC
  - WTLibrary-iOS/CategoriesExtension (0.4.0):
    - WTLibrary-iOS/WTObjC
  - WTLibrary-iOS/CategoriesExtensionMD5 (0.4.0):
    - WTLibrary-iOS/WTObjC
  - WTLibrary-iOS/MetadataRetriever (0.4.0):
    - WTLibrary-iOS/WTObjC
  - WTLibrary-iOS/WTDatabase (0.4.0):
    - FMDB (~> 2.0)
    - WTLibrary-iOS/WTObjC
  - WTLibrary-iOS/WTDropbox (0.4.0):
    - ObjectiveDropboxOfficial
    - WTLibrary-iOS/WTObjC
  - WTLibrary-iOS/WTGoogle (0.4.0):
    - GoogleAPIClientForREST/Drive (~> 1.1.1)
    - GTMAppAuth (~> 0.6.1)
    - GTMOAuth2 (~> 1.1.4)
    - WTLibrary-iOS/WTObjC
  - WTLibrary-iOS/WTiOS (0.4.0):
    - WTLibrary-iOS/WTObjC
  - WTLibrary-iOS/WTLocation (0.4.0):
    - WTLibrary-iOS/WTObjC
  - WTLibrary-iOS/WTmacOS (0.4.0):
    - WTLibrary-iOS/WTObjC
  - WTLibrary-iOS/WTObjC (0.4.0)
  - WTLibrary-iOS/WTRuntime (0.4.0):
    - CHCSVParser (~> 2.1)
    - SBJson (~> 5.0)
    - WTLibrary-iOS/WTObjC
  - WTLibrary-iOS/WTSNS (0.4.0):
    - WTLibrary-iOS/WTObjC
  - WTLibrary-iOS/WTStoreKit (0.4.0):
    - Reachability (~> 3.2)
    - WTLibrary-iOS/WTObjC
  - WTLibrary-iOS/WTSwift (0.4.0):
    - AFDateHelper (~> 4.1)
  - WTLibrary-iOS/WTSwipeModalView (0.4.0):
    - AGWindowView (~> 0.1)
    - WTLibrary-iOS/WTObjC
  - WTLibrary-iOS/WTUIKit (0.4.0):
    - WTLibrary-iOS/WTObjC
  - WTLibrary-iOS/WTUtaPlayer (0.4.0):
    - WTLibrary-iOS/WTObjC

DEPENDENCIES:
  - Expecta
  - Nimble (~> 5.1.1)
  - Quick (~> 1.0.0)
  - Specta
  - WTLibrary-iOS (from `../`)
  - WTLibrary-iOS/AQGridViewHorizontal (from `../`)
  - WTLibrary-iOS/CategoriesExtension (from `../`)
  - WTLibrary-iOS/CategoriesExtensionMD5 (from `../`)
  - WTLibrary-iOS/MetadataRetriever (from `../`)
  - WTLibrary-iOS/WTDatabase (from `../`)
  - WTLibrary-iOS/WTDropbox (from `../`)
  - WTLibrary-iOS/WTGoogle (from `../`)
  - WTLibrary-iOS/WTiOS (from `../`)
  - WTLibrary-iOS/WTLocation (from `../`)
  - WTLibrary-iOS/WTmacOS (from `../`)
  - WTLibrary-iOS/WTRuntime (from `../`)
  - WTLibrary-iOS/WTSNS (from `../`)
  - WTLibrary-iOS/WTStoreKit (from `../`)
  - WTLibrary-iOS/WTSwift (from `../`)
  - WTLibrary-iOS/WTSwipeModalView (from `../`)
  - WTLibrary-iOS/WTUIKit (from `../`)
  - WTLibrary-iOS/WTUtaPlayer (from `../`)

EXTERNAL SOURCES:
  WTLibrary-iOS:
    :path: "../"

SPEC CHECKSUMS:
  AFDateHelper: b19c83daa132e398b34fbea085a1554ce07adfe9
  AGWindowView: 08dc8d448b8c96430e78b3945a9c2cf5b0fde754
  AppAuth: f7d9a2ce4ffe79a62a8b0c1d0938e88d9809b846
  CHCSVParser: 3bcc7bdb72111a31222e95d57eacceefe4e537e8
  Expecta: 3b6bd90a64b9a1dcb0b70aa0e10a7f8f631667d5
  FMDB: 6198a90e7b6900cfc046e6bc0ef6ebb7be9236aa
  GoogleAPIClientForREST: f272e35f7fe9f80ab232756c798adc32245ece8c
  GTMAppAuth: ae710e1e53431e2bcdd57f9f92daa16a58a2947d
  GTMOAuth2: c77fe325e4acd453837e72d91e3b5f13116857b2
  GTMSessionFetcher: 5bb1eae636127de695590f50e7d248483eb891e6
  Nimble: 415e3aa3267e7bc2c96b05fa814ddea7bb686a29
  ObjectiveDropboxOfficial: 250ce53218773ba687201614ad6de03b8cb14de6
  Quick: 8024e4a47e6cc03a9d5245ef0948264fc6d27cff
  Reachability: 33e18b67625424e47b6cde6d202dce689ad7af96
  SBJson: 73c848dc34be51fda282fab12bda6c426f5ead08
  Specta: 3e1bd89c3517421982dc4d1c992503e48bd5fe66
  WTLibrary-iOS: dca99e424312e6fd05513848740157e33fd776f5

PODFILE CHECKSUM: 2ce3d7dc401c2fa8be83dcf27d369c2fb054fe07

COCOAPODS: 1.2.0
